PODS:
  - PolyglotRocks (0.5.1)
  - SnapKit (5.0.1)

DEPENDENCIES:
  - PolyglotRocks
  - SnapKit (~> 5.0.0)

SPEC REPOS:
  trunk:
    - PolyglotRocks
    - SnapKit

SPEC CHECKSUMS:
  PolyglotRocks: 78891215110e052b80a310594ee1c92e6c280782
  SnapKit: 97b92857e3df3a0c71833cce143274bf6ef8e5eb

PODFILE CHECKSUM: add4f9d9c05e4657808eba646be9931996b70c53

COCOAPODS: 1.12.1
